// !$*UTF8*$!
{
	archiveVersion = 1;
	classes = {
	};
	objectVersion = 46;
	objects = {

/* Begin PBXBuildFile section */
		63533E6A0CD3D804002A7B5F /* icon.icns in Resources */ = {isa = PBXBuildFile; fileRef = 63533E620CD3D804002A7B5F /* icon.icns */; };
		63533F7A0CD553EF002A7B5F /* Game.m in Sources */ = {isa = PBXBuildFile; fileRef = 63533F6B0CD553EF002A7B5F /* Game.m */; };
		63533F7B0CD553EF002A7B5F /* GameController.m in Sources */ = {isa = PBXBuildFile; fileRef = 63533F6D0CD553EF002A7B5F /* GameController.m */; };
		63533F7C0CD553EF002A7B5F /* GameView.m in Sources */ = {isa = PBXBuildFile; fileRef = 63533F6F0CD553EF002A7B5F /* GameView.m */; };
		63533F7D0CD553EF002A7B5F /* Gem.m in Sources */ = {isa = PBXBuildFile; fileRef = 63533F710CD553EF002A7B5F /* Gem.m */; };
		63533F7F0CD553EF002A7B5F /* MyTimerView.m in Sources */ = {isa = PBXBuildFile; fileRef = 63533F750CD553EF002A7B5F /* MyTimerView.m */; };
		63533F800CD553EF002A7B5F /* Sprite.m in Sources */ = {isa = PBXBuildFile; fileRef = 63533F770CD553EF002A7B5F /* Sprite.m */; };
		63533F810CD553EF002A7B5F /* ScoreBubble.m in Sources */ = {isa = PBXBuildFile; fileRef = 63533F790CD553EF002A7B5F /* ScoreBubble.m */; };
		63533F890CD5543A002A7B5F /* main.m in Sources */ = {isa = PBXBuildFile; fileRef = 63533F880CD5543A002A7B5F /* main.m */; };
		63533F960CD55517002A7B5F /* explosion.aif in Resources */ = {isa = PBXBuildFile; fileRef = 63533F910CD55517002A7B5F /* explosion.aif */; };
		63533F970CD55517002A7B5F /* no.aif in Resources */ = {isa = PBXBuildFile; fileRef = 63533F920CD55517002A7B5F /* no.aif */; };
		63533F980CD55517002A7B5F /* sploink.aif in Resources */ = {isa = PBXBuildFile; fileRef = 63533F930CD55517002A7B5F /* sploink.aif */; };
		63533F990CD55517002A7B5F /* tink.aif in Resources */ = {isa = PBXBuildFile; fileRef = 63533F940CD55517002A7B5F /* tink.aif */; };
		63533F9A0CD55517002A7B5F /* yes.aif in Resources */ = {isa = PBXBuildFile; fileRef = 63533F950CD55517002A7B5F /* yes.aif */; };
		63533F9C0CD55562002A7B5F /* About.xib in Resources */ = {isa = PBXBuildFile; fileRef = 63533F9B0CD55562002A7B5F /* About.xib */; };
		63533FAB0CD5558E002A7B5F /* MainMenu.nib in Resources */ = {isa = PBXBuildFile; fileRef = 63533FA10CD5558E002A7B5F /* MainMenu.nib */; };
		63533FAC0CD5558E002A7B5F /* Preferences.nib in Resources */ = {isa = PBXBuildFile; fileRef = 63533FA30CD5558E002A7B5F /* Preferences.nib */; };
		63533FAD0CD5558E002A7B5F /* Localizable.strings in Resources */ = {isa = PBXBuildFile; fileRef = 63533FA50CD5558E002A7B5F /* Localizable.strings */; };
		63533FAE0CD5558E002A7B5F /* jeweltoy.html in Resources */ = {isa = PBXBuildFile; fileRef = 63533FA70CD5558E002A7B5F /* jeweltoy.html */; };
		63533FAF0CD5558E002A7B5F /* InfoPlist.strings in Resources */ = {isa = PBXBuildFile; fileRef = 63533FA90CD5558E002A7B5F /* InfoPlist.strings */; };
		63533FC70CD555CA002A7B5F /* 1gemA.png in Resources */ = {isa = PBXBuildFile; fileRef = 63533FC00CD555CA002A7B5F /* 1gemA.png */; };
		63533FC80CD555CA002A7B5F /* 2gemA.png in Resources */ = {isa = PBXBuildFile; fileRef = 63533FC10CD555CA002A7B5F /* 2gemA.png */; };
		63533FC90CD555CA002A7B5F /* 3gemA.png in Resources */ = {isa = PBXBuildFile; fileRef = 63533FC20CD555CA002A7B5F /* 3gemA.png */; };
		63533FCA0CD555CA002A7B5F /* 4gemA.png in Resources */ = {isa = PBXBuildFile; fileRef = 63533FC30CD555CA002A7B5F /* 4gemA.png */; };
		63533FCB0CD555CA002A7B5F /* 5gemA.png in Resources */ = {isa = PBXBuildFile; fileRef = 63533FC40CD555CA002A7B5F /* 5gemA.png */; };
		63533FCC0CD555CA002A7B5F /* 6gemA.png in Resources */ = {isa = PBXBuildFile; fileRef = 63533FC50CD555CA002A7B5F /* 6gemA.png */; };
		63533FCD0CD555CA002A7B5F /* 7gemA.png in Resources */ = {isa = PBXBuildFile; fileRef = 63533FC60CD555CA002A7B5F /* 7gemA.png */; };
		63533FE40CD5561A002A7B5F /* 1gem.png in Resources */ = {isa = PBXBuildFile; fileRef = 63533FD40CD5561A002A7B5F /* 1gem.png */; };
		63533FE50CD5561A002A7B5F /* 2gem.png in Resources */ = {isa = PBXBuildFile; fileRef = 63533FD50CD5561A002A7B5F /* 2gem.png */; };
		63533FE60CD5561A002A7B5F /* 3gem.png in Resources */ = {isa = PBXBuildFile; fileRef = 63533FD60CD5561A002A7B5F /* 3gem.png */; };
		63533FE70CD5561A002A7B5F /* 4gem.png in Resources */ = {isa = PBXBuildFile; fileRef = 63533FD70CD5561A002A7B5F /* 4gem.png */; };
		63533FE80CD5561A002A7B5F /* 5gem.png in Resources */ = {isa = PBXBuildFile; fileRef = 63533FD80CD5561A002A7B5F /* 5gem.png */; };
		63533FE90CD5561A002A7B5F /* 6gem.png in Resources */ = {isa = PBXBuildFile; fileRef = 63533FD90CD5561A002A7B5F /* 6gem.png */; };
		63533FEA0CD5561A002A7B5F /* 7gem.png in Resources */ = {isa = PBXBuildFile; fileRef = 63533FDA0CD5561A002A7B5F /* 7gem.png */; };
		63533FEB0CD5561A002A7B5F /* background.png in Resources */ = {isa = PBXBuildFile; fileRef = 63533FDB0CD5561A002A7B5F /* background.png */; };
		63533FEC0CD5561A002A7B5F /* continue.png in Resources */ = {isa = PBXBuildFile; fileRef = 63533FDC0CD5561A002A7B5F /* continue.png */; };
		63533FED0CD5561A002A7B5F /* cross.png in Resources */ = {isa = PBXBuildFile; fileRef = 63533FDD0CD5561A002A7B5F /* cross.png */; };
		63533FEE0CD5561A002A7B5F /* movehint.png in Resources */ = {isa = PBXBuildFile; fileRef = 63533FDE0CD5561A002A7B5F /* movehint.png */; };
		63533FEF0CD5561A002A7B5F /* mute.png in Resources */ = {isa = PBXBuildFile; fileRef = 63533FDF0CD5561A002A7B5F /* mute.png */; };
		63533FF00CD5561A002A7B5F /* pause.png in Resources */ = {isa = PBXBuildFile; fileRef = 63533FE00CD5561A002A7B5F /* pause.png */; };
		63533FF20CD5561A002A7B5F /* title.png in Resources */ = {isa = PBXBuildFile; fileRef = 63533FE20CD5561A002A7B5F /* title.png */; };
		63533FF30CD5561A002A7B5F /* unmute.png in Resources */ = {isa = PBXBuildFile; fileRef = 63533FE30CD5561A002A7B5F /* unmute.png */; };
		63533FFC0CD5565D002A7B5F /* Readme.rtfd in Resources */ = {isa = PBXBuildFile; fileRef = 63533FFB0CD5565D002A7B5F /* Readme.rtfd */; };
		638A99C11F00A5C1003F23B2 /* ImageUtils.m in Sources */ = {isa = PBXBuildFile; fileRef = 638A99C01F00A5C1003F23B2 /* ImageUtils.m */; };
		8D11072F0486CEB800E47090 /* Cocoa.framework in Frameworks */ = {isa = PBXBuildFile; fileRef = 1058C7A1FEA54F0111CA2CBB /* Cocoa.framework */; };
/* End PBXBuildFile section */

/* Begin PBXFileReference section */
		1058C7A1FEA54F0111CA2CBB /* Cocoa.framework */ = {isa = PBXFileReference; lastKnownFileType = wrapper.framework; name = Cocoa.framework; path = /System/Library/Frameworks/Cocoa.framework; sourceTree = "<absolute>"; };
		29B97324FDCFA39411CA2CEA /* AppKit.framework */ = {isa = PBXFileReference; lastKnownFileType = wrapper.framework; name = AppKit.framework; path = /System/Library/Frameworks/AppKit.framework; sourceTree = "<absolute>"; };
		29B97325FDCFA39411CA2CEA /* Foundation.framework */ = {isa = PBXFileReference; lastKnownFileType = wrapper.framework; name = Foundation.framework; path = /System/Library/Frameworks/Foundation.framework; sourceTree = "<absolute>"; };
		63014A202A6B051700B0058B /* nl */ = {isa = PBXFileReference; lastKnownFileType = text.plist.strings; name = nl; path = Resources/nl.lproj/MainMenu.strings; sourceTree = "<group>"; };
		63014A212A6B051700B0058B /* nl */ = {isa = PBXFileReference; lastKnownFileType = text.plist.strings; name = nl; path = Resources/nl.lproj/Preferences.strings; sourceTree = "<group>"; };
		63014A222A6B051700B0058B /* nl */ = {isa = PBXFileReference; lastKnownFileType = text.plist.strings; name = nl; path = Resources/nl.lproj/Localizable.strings; sourceTree = "<group>"; };
		63014A232A6B051700B0058B /* nl */ = {isa = PBXFileReference; lastKnownFileType = text.html; name = nl; path = Resources/nl.lproj/jeweltoy.html; sourceTree = "<group>"; };
		63014A242A6B051700B0058B /* nl */ = {isa = PBXFileReference; lastKnownFileType = text.plist.strings; name = nl; path = Resources/nl.lproj/InfoPlist.strings; sourceTree = "<group>"; };
		633291892352656D00BA9795 /* ja */ = {isa = PBXFileReference; lastKnownFileType = text.plist.strings; name = ja; path = Resources/ja.lproj/InfoPlist.strings; sourceTree = "<group>"; };
		6332918A2352656D00BA9795 /* ja */ = {isa = PBXFileReference; lastKnownFileType = text.plist.strings; name = ja; path = Resources/ja.lproj/Localizable.strings; sourceTree = "<group>"; };
		6332918B2352656D00BA9795 /* ja */ = {isa = PBXFileReference; lastKnownFileType = text.plist.strings; name = ja; path = Resources/ja.lproj/MainMenu.strings; sourceTree = "<group>"; };
		6332918C2352656D00BA9795 /* ja */ = {isa = PBXFileReference; lastKnownFileType = text.plist.strings; name = ja; path = Resources/ja.lproj/Preferences.strings; sourceTree = "<group>"; };
		6332918D2352656D00BA9795 /* ja */ = {isa = PBXFileReference; lastKnownFileType = text.html; name = ja; path = Resources/ja.lproj/jeweltoy.html; sourceTree = "<group>"; };
		6332918E2352657100BA9795 /* fr */ = {isa = PBXFileReference; lastKnownFileType = text.plist.strings; name = fr; path = Resources/fr.lproj/InfoPlist.strings; sourceTree = "<group>"; };
		6332918F2352657100BA9795 /* fr */ = {isa = PBXFileReference; lastKnownFileType = text.plist.strings; name = fr; path = Resources/fr.lproj/Localizable.strings; sourceTree = "<group>"; };
		633291902352657100BA9795 /* fr */ = {isa = PBXFileReference; lastKnownFileType = text.plist.strings; name = fr; path = Resources/fr.lproj/MainMenu.strings; sourceTree = "<group>"; };
		633291912352657100BA9795 /* fr */ = {isa = PBXFileReference; lastKnownFileType = text.plist.strings; name = fr; path = Resources/fr.lproj/Preferences.strings; sourceTree = "<group>"; };
		633291922352657100BA9795 /* fr */ = {isa = PBXFileReference; lastKnownFileType = text.html; name = fr; path = Resources/fr.lproj/jeweltoy.html; sourceTree = "<group>"; };
		633291932352657400BA9795 /* Base */ = {isa = PBXFileReference; lastKnownFileType = file.xib; name = Base; path = Resources/Base.lproj/MainMenu.xib; sourceTree = "<group>"; };
		633291942352657400BA9795 /* Base */ = {isa = PBXFileReference; lastKnownFileType = file.xib; name = Base; path = Resources/Base.lproj/Preferences.xib; sourceTree = "<group>"; };
		633291952352657700BA9795 /* de */ = {isa = PBXFileReference; lastKnownFileType = text.plist.strings; name = de; path = Resources/de.lproj/InfoPlist.strings; sourceTree = "<group>"; };
		633291962352657700BA9795 /* de */ = {isa = PBXFileReference; lastKnownFileType = text.plist.strings; name = de; path = Resources/de.lproj/Localizable.strings; sourceTree = "<group>"; };
		633291972352657700BA9795 /* de */ = {isa = PBXFileReference; lastKnownFileType = text.plist.strings; name = de; path = Resources/de.lproj/MainMenu.strings; sourceTree = "<group>"; };
		633291982352657700BA9795 /* de */ = {isa = PBXFileReference; lastKnownFileType = text.plist.strings; name = de; path = Resources/de.lproj/Preferences.strings; sourceTree = "<group>"; };
		633291992352657700BA9795 /* de */ = {isa = PBXFileReference; lastKnownFileType = text.html; name = de; path = Resources/de.lproj/jeweltoy.html; sourceTree = "<group>"; };
		6332919A2352657B00BA9795 /* en */ = {isa = PBXFileReference; lastKnownFileType = text.plist.strings; name = en; path = Resources/en.lproj/InfoPlist.strings; sourceTree = "<group>"; };
		6332919B2352657B00BA9795 /* en */ = {isa = PBXFileReference; lastKnownFileType = text.plist.strings; name = en; path = Resources/en.lproj/Localizable.strings; sourceTree = "<group>"; };
		6332919C2352657B00BA9795 /* en */ = {isa = PBXFileReference; lastKnownFileType = text.html; name = en; path = Resources/en.lproj/jeweltoy.html; sourceTree = "<group>"; };
		63533E470CD3D7E0002A7B5F /* gpl2.licence.txt */ = {isa = PBXFileReference; fileEncoding = 30; lastKnownFileType = text; name = gpl2.licence.txt; path = License/gpl2.licence.txt; sourceTree = "<group>"; };
		63533E620CD3D804002A7B5F /* icon.icns */ = {isa = PBXFileReference; lastKnownFileType = image.icns; name = icon.icns; path = Resources/icon.icns; sourceTree = "<group>"; };
		63533F6A0CD553EF002A7B5F /* Game.h */ = {isa = PBXFileReference; fileEncoding = 30; lastKnownFileType = sourcecode.c.h; path = Game.h; sourceTree = "<group>"; };
		63533F6B0CD553EF002A7B5F /* Game.m */ = {isa = PBXFileReference; fileEncoding = 30; lastKnownFileType = sourcecode.c.objc; path = Game.m; sourceTree = "<group>"; };
		63533F6C0CD553EF002A7B5F /* GameController.h */ = {isa = PBXFileReference; fileEncoding = 30; lastKnownFileType = sourcecode.c.h; path = GameController.h; sourceTree = "<group>"; };
		63533F6D0CD553EF002A7B5F /* GameController.m */ = {isa = PBXFileReference; fileEncoding = 30; lastKnownFileType = sourcecode.c.objc; path = GameController.m; sourceTree = "<group>"; };
		63533F6E0CD553EF002A7B5F /* GameView.h */ = {isa = PBXFileReference; fileEncoding = 30; lastKnownFileType = sourcecode.c.h; path = GameView.h; sourceTree = "<group>"; };
		63533F6F0CD553EF002A7B5F /* GameView.m */ = {isa = PBXFileReference; fileEncoding = 30; lastKnownFileType = sourcecode.c.objc; path = GameView.m; sourceTree = "<group>"; };
		63533F700CD553EF002A7B5F /* Gem.h */ = {isa = PBXFileReference; fileEncoding = 30; lastKnownFileType = sourcecode.c.h; path = Gem.h; sourceTree = "<group>"; };
		63533F710CD553EF002A7B5F /* Gem.m */ = {isa = PBXFileReference; fileEncoding = 30; lastKnownFileType = sourcecode.c.objc; path = Gem.m; sourceTree = "<group>"; };
		63533F740CD553EF002A7B5F /* MyTimerView.h */ = {isa = PBXFileReference; fileEncoding = 30; lastKnownFileType = sourcecode.c.h; path = MyTimerView.h; sourceTree = "<group>"; };
		63533F750CD553EF002A7B5F /* MyTimerView.m */ = {isa = PBXFileReference; fileEncoding = 30; lastKnownFileType = sourcecode.c.objc; path = MyTimerView.m; sourceTree = "<group>"; };
		63533F760CD553EF002A7B5F /* Sprite.h */ = {isa = PBXFileReference; fileEncoding = 30; lastKnownFileType = sourcecode.c.h; path = Sprite.h; sourceTree = "<group>"; };
		63533F770CD553EF002A7B5F /* Sprite.m */ = {isa = PBXFileReference; fileEncoding = 30; lastKnownFileType = sourcecode.c.objc; path = Sprite.m; sourceTree = "<group>"; };
		63533F780CD553EF002A7B5F /* ScoreBubble.h */ = {isa = PBXFileReference; fileEncoding = 30; lastKnownFileType = sourcecode.c.h; path = ScoreBubble.h; sourceTree = "<group>"; };
		63533F790CD553EF002A7B5F /* ScoreBubble.m */ = {isa = PBXFileReference; fileEncoding = 30; lastKnownFileType = sourcecode.c.objc; path = ScoreBubble.m; sourceTree = "<group>"; };
		63533F880CD5543A002A7B5F /* main.m */ = {isa = PBXFileReference; fileEncoding = 30; lastKnownFileType = sourcecode.c.objc; path = main.m; sourceTree = "<group>"; };
		63533F910CD55517002A7B5F /* explosion.aif */ = {isa = PBXFileReference; lastKnownFileType = file; path = explosion.aif; sourceTree = "<group>"; };
		63533F920CD55517002A7B5F /* no.aif */ = {isa = PBXFileReference; lastKnownFileType = file; path = no.aif; sourceTree = "<group>"; };
		63533F930CD55517002A7B5F /* sploink.aif */ = {isa = PBXFileReference; lastKnownFileType = file; path = sploink.aif; sourceTree = "<group>"; };
		63533F940CD55517002A7B5F /* tink.aif */ = {isa = PBXFileReference; lastKnownFileType = file; path = tink.aif; sourceTree = "<group>"; };
		63533F950CD55517002A7B5F /* yes.aif */ = {isa = PBXFileReference; lastKnownFileType = file; path = yes.aif; sourceTree = "<group>"; };
		63533F9B0CD55562002A7B5F /* About.xib */ = {isa = PBXFileReference; lastKnownFileType = file.xib; name = About.xib; path = Resources/About.xib; sourceTree = "<group>"; };
		63533FC00CD555CA002A7B5F /* 1gemA.png */ = {isa = PBXFileReference; lastKnownFileType = image.png; path = 1gemA.png; sourceTree = "<group>"; };
		63533FC10CD555CA002A7B5F /* 2gemA.png */ = {isa = PBXFileReference; lastKnownFileType = image.png; path = 2gemA.png; sourceTree = "<group>"; };
		63533FC20CD555CA002A7B5F /* 3gemA.png */ = {isa = PBXFileReference; lastKnownFileType = image.png; path = 3gemA.png; sourceTree = "<group>"; };
		63533FC30CD555CA002A7B5F /* 4gemA.png */ = {isa = PBXFileReference; lastKnownFileType = image.png; path = 4gemA.png; sourceTree = "<group>"; };
		63533FC40CD555CA002A7B5F /* 5gemA.png */ = {isa = PBXFileReference; lastKnownFileType = image.png; path = 5gemA.png; sourceTree = "<group>"; };
		63533FC50CD555CA002A7B5F /* 6gemA.png */ = {isa = PBXFileReference; lastKnownFileType = image.png; path = 6gemA.png; sourceTree = "<group>"; };
		63533FC60CD555CA002A7B5F /* 7gemA.png */ = {isa = PBXFileReference; lastKnownFileType = image.png; path = 7gemA.png; sourceTree = "<group>"; };
		63533FD40CD5561A002A7B5F /* 1gem.png */ = {isa = PBXFileReference; lastKnownFileType = image.png; path = 1gem.png; sourceTree = "<group>"; };
		63533FD50CD5561A002A7B5F /* 2gem.png */ = {isa = PBXFileReference; lastKnownFileType = image.png; path = 2gem.png; sourceTree = "<group>"; };
		63533FD60CD5561A002A7B5F /* 3gem.png */ = {isa = PBXFileReference; lastKnownFileType = image.png; path = 3gem.png; sourceTree = "<group>"; };
		63533FD70CD5561A002A7B5F /* 4gem.png */ = {isa = PBXFileReference; lastKnownFileType = image.png; path = 4gem.png; sourceTree = "<group>"; };
		63533FD80CD5561A002A7B5F /* 5gem.png */ = {isa = PBXFileReference; lastKnownFileType = image.png; path = 5gem.png; sourceTree = "<group>"; };
		63533FD90CD5561A002A7B5F /* 6gem.png */ = {isa = PBXFileReference; lastKnownFileType = image.png; path = 6gem.png; sourceTree = "<group>"; };
		63533FDA0CD5561A002A7B5F /* 7gem.png */ = {isa = PBXFileReference; lastKnownFileType = image.png; path = 7gem.png; sourceTree = "<group>"; };
		63533FDB0CD5561A002A7B5F /* background.png */ = {isa = PBXFileReference; lastKnownFileType = image.png; path = background.png; sourceTree = "<group>"; };
		63533FDC0CD5561A002A7B5F /* continue.png */ = {isa = PBXFileReference; lastKnownFileType = image.png; path = continue.png; sourceTree = "<group>"; };
		63533FDD0CD5561A002A7B5F /* cross.png */ = {isa = PBXFileReference; lastKnownFileType = image.png; path = cross.png; sourceTree = "<group>"; };
		63533FDE0CD5561A002A7B5F /* movehint.png */ = {isa = PBXFileReference; lastKnownFileType = image.png; path = movehint.png; sourceTree = "<group>"; };
		63533FDF0CD5561A002A7B5F /* mute.png */ = {isa = PBXFileReference; lastKnownFileType = image.png; path = mute.png; sourceTree = "<group>"; };
		63533FE00CD5561A002A7B5F /* pause.png */ = {isa = PBXFileReference; lastKnownFileType = image.png; path = pause.png; sourceTree = "<group>"; };
		63533FE20CD5561A002A7B5F /* title.png */ = {isa = PBXFileReference; lastKnownFileType = image.png; path = title.png; sourceTree = "<group>"; };
		63533FE30CD5561A002A7B5F /* unmute.png */ = {isa = PBXFileReference; lastKnownFileType = image.png; path = unmute.png; sourceTree = "<group>"; };
		63533FFB0CD5565D002A7B5F /* Readme.rtfd */ = {isa = PBXFileReference; lastKnownFileType = wrapper.rtfd; name = Readme.rtfd; path = License/Readme.rtfd; sourceTree = "<group>"; };
		638A99BF1F00A5B4003F23B2 /* ImageUtils.h */ = {isa = PBXFileReference; fileEncoding = 4; lastKnownFileType = sourcecode.c.h; path = ImageUtils.h; sourceTree = "<group>"; };
		638A99C01F00A5C1003F23B2 /* ImageUtils.m */ = {isa = PBXFileReference; fileEncoding = 4; lastKnownFileType = sourcecode.c.objc; path = ImageUtils.m; sourceTree = "<group>"; };
		639C36E11F034FCA00BF7EE4 /* ReadMe.txt */ = {isa = PBXFileReference; lastKnownFileType = text; path = ReadMe.txt; sourceTree = "<group>"; };
		63A68E1123526D1E00F17FF8 /* jeweltoy.entitlements */ = {isa = PBXFileReference; fileEncoding = 4; lastKnownFileType = text.plist.entitlements; name = jeweltoy.entitlements; path = Resources/jeweltoy.entitlements; sourceTree = "<group>"; };
		8D1107310486CEB800E47090 /* Info.plist */ = {isa = PBXFileReference; fileEncoding = 4; lastKnownFileType = text.plist.xml; name = Info.plist; path = Resources/Info.plist; sourceTree = "<group>"; };
		8D1107320486CEB800E47090 /* JewelToy.app */ = {isa = PBXFileReference; explicitFileType = wrapper.application; includeInIndex = 0; path = JewelToy.app; sourceTree = BUILT_PRODUCTS_DIR; };
/* End PBXFileReference section */

/* Begin PBXFrameworksBuildPhase section */
		8D11072E0486CEB800E47090 /* Frameworks */ = {
			isa = PBXFrameworksBuildPhase;
			buildActionMask = 2147483647;
			files = (
				8D11072F0486CEB800E47090 /* Cocoa.framework in Frameworks */,
			);
			runOnlyForDeploymentPostprocessing = 0;
		};
/* End PBXFrameworksBuildPhase section */

/* Begin PBXGroup section */
		1058C7A0FEA54F0111CA2CBB /* Linked Frameworks */ = {
			isa = PBXGroup;
			children = (
				1058C7A1FEA54F0111CA2CBB /* Cocoa.framework */,
			);
			name = "Linked Frameworks";
			sourceTree = "<group>";
		};
		1058C7A2FEA54F0111CA2CBB /* Other Frameworks */ = {
			isa = PBXGroup;
			children = (
				29B97324FDCFA39411CA2CEA /* AppKit.framework */,
				29B97325FDCFA39411CA2CEA /* Foundation.framework */,
			);
			name = "Other Frameworks";
			sourceTree = "<group>";
		};
		19C28FACFE9D520D11CA2CBB /* Products */ = {
			isa = PBXGroup;
			children = (
				8D1107320486CEB800E47090 /* JewelToy.app */,
			);
			name = Products;
			sourceTree = "<group>";
		};
		29B97314FDCFA39411CA2CEA /* JewelToy */ = {
			isa = PBXGroup;
			children = (
				63533E470CD3D7E0002A7B5F /* gpl2.licence.txt */,
				639C36E11F034FCA00BF7EE4 /* ReadMe.txt */,
				63533FFB0CD5565D002A7B5F /* Readme.rtfd */,
				63533F690CD553EF002A7B5F /* Classes */,
				29B97315FDCFA39411CA2CEA /* Other Sources */,
				29B97317FDCFA39411CA2CEA /* Resources */,
				29B97323FDCFA39411CA2CEA /* Frameworks */,
				19C28FACFE9D520D11CA2CBB /* Products */,
			);
			name = JewelToy;
			sourceTree = "<group>";
		};
		29B97315FDCFA39411CA2CEA /* Other Sources */ = {
			isa = PBXGroup;
			children = (
				63533F880CD5543A002A7B5F /* main.m */,
			);
			path = "Other Sources";
			sourceTree = "<group>";
		};
		29B97317FDCFA39411CA2CEA /* Resources */ = {
			isa = PBXGroup;
			children = (
				63A68E1123526D1E00F17FF8 /* jeweltoy.entitlements */,
				63533FA10CD5558E002A7B5F /* MainMenu.nib */,
				63533FA30CD5558E002A7B5F /* Preferences.nib */,
				63533FA50CD5558E002A7B5F /* Localizable.strings */,
				63533FA70CD5558E002A7B5F /* jeweltoy.html */,
				63533FA90CD5558E002A7B5F /* InfoPlist.strings */,
				63533F900CD55517002A7B5F /* Sounds */,
				63533F9B0CD55562002A7B5F /* About.xib */,
				63533E620CD3D804002A7B5F /* icon.icns */,
				8D1107310486CEB800E47090 /* Info.plist */,
				63533FD30CD5561A002A7B5F /* Images */,
				63533FBF0CD555CA002A7B5F /* ejc_jt_hack */,
			);
			name = Resources;
			sourceTree = "<group>";
		};
		29B97323FDCFA39411CA2CEA /* Frameworks */ = {
			isa = PBXGroup;
			children = (
				1058C7A0FEA54F0111CA2CBB /* Linked Frameworks */,
				1058C7A2FEA54F0111CA2CBB /* Other Frameworks */,
			);
			name = Frameworks;
			sourceTree = "<group>";
		};
		63533F690CD553EF002A7B5F /* Classes */ = {
			isa = PBXGroup;
			children = (
				63533F6A0CD553EF002A7B5F /* Game.h */,
				63533F6B0CD553EF002A7B5F /* Game.m */,
				63533F6C0CD553EF002A7B5F /* GameController.h */,
				63533F6D0CD553EF002A7B5F /* GameController.m */,
				63533F6E0CD553EF002A7B5F /* GameView.h */,
				63533F6F0CD553EF002A7B5F /* GameView.m */,
				63533F700CD553EF002A7B5F /* Gem.h */,
				63533F710CD553EF002A7B5F /* Gem.m */,
				638A99BF1F00A5B4003F23B2 /* ImageUtils.h */,
				638A99C01F00A5C1003F23B2 /* ImageUtils.m */,
				63533F740CD553EF002A7B5F /* MyTimerView.h */,
				63533F750CD553EF002A7B5F /* MyTimerView.m */,
				63533F760CD553EF002A7B5F /* Sprite.h */,
				63533F770CD553EF002A7B5F /* Sprite.m */,
				63533F780CD553EF002A7B5F /* ScoreBubble.h */,
				63533F790CD553EF002A7B5F /* ScoreBubble.m */,
			);
			path = Classes;
			sourceTree = "<group>";
		};
		63533F900CD55517002A7B5F /* Sounds */ = {
			isa = PBXGroup;
			children = (
				63533F910CD55517002A7B5F /* explosion.aif */,
				63533F920CD55517002A7B5F /* no.aif */,
				63533F930CD55517002A7B5F /* sploink.aif */,
				63533F940CD55517002A7B5F /* tink.aif */,
				63533F950CD55517002A7B5F /* yes.aif */,
			);
			name = Sounds;
			path = Resources/Sounds;
			sourceTree = "<group>";
		};
		63533FBF0CD555CA002A7B5F /* ejc_jt_hack */ = {
			isa = PBXGroup;
			children = (
				63533FC00CD555CA002A7B5F /* 1gemA.png */,
				63533FC10CD555CA002A7B5F /* 2gemA.png */,
				63533FC20CD555CA002A7B5F /* 3gemA.png */,
				63533FC30CD555CA002A7B5F /* 4gemA.png */,
				63533FC40CD555CA002A7B5F /* 5gemA.png */,
				63533FC50CD555CA002A7B5F /* 6gemA.png */,
				63533FC60CD555CA002A7B5F /* 7gemA.png */,
			);
			name = ejc_jt_hack;
			path = Resources/ejc_jt_hack;
			sourceTree = "<group>";
		};
		63533FD30CD5561A002A7B5F /* Images */ = {
			isa = PBXGroup;
			children = (
				63533FD40CD5561A002A7B5F /* 1gem.png */,
				63533FD50CD5561A002A7B5F /* 2gem.png */,
				63533FD60CD5561A002A7B5F /* 3gem.png */,
				63533FD70CD5561A002A7B5F /* 4gem.png */,
				63533FD80CD5561A002A7B5F /* 5gem.png */,
				63533FD90CD5561A002A7B5F /* 6gem.png */,
				63533FDA0CD5561A002A7B5F /* 7gem.png */,
				63533FDB0CD5561A002A7B5F /* background.png */,
				63533FDC0CD5561A002A7B5F /* continue.png */,
				63533FDD0CD5561A002A7B5F /* cross.png */,
				63533FDE0CD5561A002A7B5F /* movehint.png */,
				63533FDF0CD5561A002A7B5F /* mute.png */,
				63533FE00CD5561A002A7B5F /* pause.png */,
				63533FE20CD5561A002A7B5F /* title.png */,
				63533FE30CD5561A002A7B5F /* unmute.png */,
			);
			name = Images;
			path = Resources/Images;
			sourceTree = "<group>";
		};
/* End PBXGroup section */

/* Begin PBXNativeTarget section */
		8D1107260486CEB800E47090 /* JewelToy */ = {
			isa = PBXNativeTarget;
			buildConfigurationList = C01FCF4A08A954540054247B /* Build configuration list for PBXNativeTarget "JewelToy" */;
			buildPhases = (
				8D1107290486CEB800E47090 /* Resources */,
				8D11072C0486CEB800E47090 /* Sources */,
				8D11072E0486CEB800E47090 /* Frameworks */,
			);
			buildRules = (
			);
			dependencies = (
			);
			name = JewelToy;
			productInstallPath = "$(HOME)/Applications";
			productName = JewelToy;
			productReference = 8D1107320486CEB800E47090 /* JewelToy.app */;
			productType = "com.apple.product-type.application";
		};
/* End PBXNativeTarget section */

/* Begin PBXProject section */
		29B97313FDCFA39411CA2CEA /* Project object */ = {
			isa = PBXProject;
			attributes = {
				TargetAttributes = {
					8D1107260486CEB800E47090 = {
						ProvisioningStyle = Manual;
					};
				};
			};
			buildConfigurationList = C01FCF4E08A954540054247B /* Build configuration list for PBXProject "JewelToy" */;
			compatibilityVersion = "Xcode 3.2";
			developmentRegion = en;
			hasScannedForEncodings = 1;
			knownRegions = (
				en,
				ja,
				fr,
				Base,
				de,
				nl,
			);
			mainGroup = 29B97314FDCFA39411CA2CEA /* JewelToy */;
			projectDirPath = "";
			projectRoot = "";
			targets = (
				8D1107260486CEB800E47090 /* JewelToy */,
			);
		};
/* End PBXProject section */

/* Begin PBXResourcesBuildPhase section */
		8D1107290486CEB800E47090 /* Resources */ = {
			isa = PBXResourcesBuildPhase;
			buildActionMask = 2147483647;
			files = (
				63533E6A0CD3D804002A7B5F /* icon.icns in Resources */,
				63533F960CD55517002A7B5F /* explosion.aif in Resources */,
				63533F970CD55517002A7B5F /* no.aif in Resources */,
				63533F980CD55517002A7B5F /* sploink.aif in Resources */,
				63533F990CD55517002A7B5F /* tink.aif in Resources */,
				63533F9A0CD55517002A7B5F /* yes.aif in Resources */,
				63533F9C0CD55562002A7B5F /* About.xib in Resources */,
				63533FAB0CD5558E002A7B5F /* MainMenu.nib in Resources */,
				63533FAC0CD5558E002A7B5F /* Preferences.nib in Resources */,
				63533FAD0CD5558E002A7B5F /* Localizable.strings in Resources */,
				63533FAE0CD5558E002A7B5F /* jeweltoy.html in Resources */,
				63533FAF0CD5558E002A7B5F /* InfoPlist.strings in Resources */,
				63533FC70CD555CA002A7B5F /* 1gemA.png in Resources */,
				63533FC80CD555CA002A7B5F /* 2gemA.png in Resources */,
				63533FC90CD555CA002A7B5F /* 3gemA.png in Resources */,
				63533FCA0CD555CA002A7B5F /* 4gemA.png in Resources */,
				63533FCB0CD555CA002A7B5F /* 5gemA.png in Resources */,
				63533FCC0CD555CA002A7B5F /* 6gemA.png in Resources */,
				63533FCD0CD555CA002A7B5F /* 7gemA.png in Resources */,
				63533FE40CD5561A002A7B5F /* 1gem.png in Resources */,
				63533FE50CD5561A002A7B5F /* 2gem.png in Resources */,
				63533FE60CD5561A002A7B5F /* 3gem.png in Resources */,
				63533FE70CD5561A002A7B5F /* 4gem.png in Resources */,
				63533FE80CD5561A002A7B5F /* 5gem.png in Resources */,
				63533FE90CD5561A002A7B5F /* 6gem.png in Resources */,
				63533FEA0CD5561A002A7B5F /* 7gem.png in Resources */,
				63533FEB0CD5561A002A7B5F /* background.png in Resources */,
				63533FEC0CD5561A002A7B5F /* continue.png in Resources */,
				63533FED0CD5561A002A7B5F /* cross.png in Resources */,
				63533FEE0CD5561A002A7B5F /* movehint.png in Resources */,
				63533FEF0CD5561A002A7B5F /* mute.png in Resources */,
				63533FF00CD5561A002A7B5F /* pause.png in Resources */,
				63533FF20CD5561A002A7B5F /* title.png in Resources */,
				63533FF30CD5561A002A7B5F /* unmute.png in Resources */,
				63533FFC0CD5565D002A7B5F /* Readme.rtfd in Resources */,
			);
			runOnlyForDeploymentPostprocessing = 0;
		};
/* End PBXResourcesBuildPhase section */

/* Begin PBXSourcesBuildPhase section */
		8D11072C0486CEB800E47090 /* Sources */ = {
			isa = PBXSourcesBuildPhase;
			buildActionMask = 2147483647;
			files = (
				63533F7A0CD553EF002A7B5F /* Game.m in Sources */,
				63533F7B0CD553EF002A7B5F /* GameController.m in Sources */,
				63533F7C0CD553EF002A7B5F /* GameView.m in Sources */,
				63533F7D0CD553EF002A7B5F /* Gem.m in Sources */,
				63533F7F0CD553EF002A7B5F /* MyTimerView.m in Sources */,
				63533F800CD553EF002A7B5F /* Sprite.m in Sources */,
				638A99C11F00A5C1003F23B2 /* ImageUtils.m in Sources */,
				63533F810CD553EF002A7B5F /* ScoreBubble.m in Sources */,
				63533F890CD5543A002A7B5F /* main.m in Sources */,
			);
			runOnlyForDeploymentPostprocessing = 0;
		};
/* End PBXSourcesBuildPhase section */

/* Begin PBXVariantGroup section */
		63533FA10CD5558E002A7B5F /* MainMenu.nib */ = {
			isa = PBXVariantGroup;
			children = (
				6332918B2352656D00BA9795 /* ja */,
				633291902352657100BA9795 /* fr */,
				633291932352657400BA9795 /* Base */,
				633291972352657700BA9795 /* de */,
				63014A202A6B051700B0058B /* nl */,
			);
			name = MainMenu.nib;
			sourceTree = "<group>";
		};
		63533FA30CD5558E002A7B5F /* Preferences.nib */ = {
			isa = PBXVariantGroup;
			children = (
				6332918C2352656D00BA9795 /* ja */,
				633291912352657100BA9795 /* fr */,
				633291942352657400BA9795 /* Base */,
				633291982352657700BA9795 /* de */,
				63014A212A6B051700B0058B /* nl */,
			);
			name = Preferences.nib;
			sourceTree = "<group>";
		};
		63533FA50CD5558E002A7B5F /* Localizable.strings */ = {
			isa = PBXVariantGroup;
			children = (
				6332918A2352656D00BA9795 /* ja */,
				6332918F2352657100BA9795 /* fr */,
				633291962352657700BA9795 /* de */,
				6332919B2352657B00BA9795 /* en */,
				63014A222A6B051700B0058B /* nl */,
			);
			name = Localizable.strings;
			sourceTree = "<group>";
		};
		63533FA70CD5558E002A7B5F /* jeweltoy.html */ = {
			isa = PBXVariantGroup;
			children = (
				6332918D2352656D00BA9795 /* ja */,
				633291922352657100BA9795 /* fr */,
				633291992352657700BA9795 /* de */,
				6332919C2352657B00BA9795 /* en */,
				63014A232A6B051700B0058B /* nl */,
			);
			name = jeweltoy.html;
			sourceTree = "<group>";
		};
		63533FA90CD5558E002A7B5F /* InfoPlist.strings */ = {
			isa = PBXVariantGroup;
			children = (
				633291892352656D00BA9795 /* ja */,
				6332918E2352657100BA9795 /* fr */,
				633291952352657700BA9795 /* de */,
				6332919A2352657B00BA9795 /* en */,
				63014A242A6B051700B0058B /* nl */,
			);
			name = InfoPlist.strings;
			sourceTree = "<group>";
		};
/* End PBXVariantGroup section */

/* Begin XCBuildConfiguration section */
		C01FCF4B08A954540054247B /* Debug */ = {
			isa = XCBuildConfiguration;
			buildSettings = {
				CLANG_ENABLE_OBJC_WEAK = YES;
				CODE_SIGN_IDENTITY = "";
				CODE_SIGN_STYLE = Manual;
				COPY_PHASE_STRIP = NO;
				DEVELOPMENT_TEAM = "";
				GCC_OPTIMIZATION_LEVEL = 0;
				INSTALL_PATH = "$(HOME)/Applications";
				MACOSX_DEPLOYMENT_TARGET = 10.13;
				PRODUCT_BUNDLE_IDENTIFIER = com.example.jeweltoy;
				PRODUCT_NAME = JewelToy;
				PROVISIONING_PROFILE_SPECIFIER = "";
				WRAPPER_EXTENSION = app;
			};
			name = Debug;
		};
		C01FCF4C08A954540054247B /* Release */ = {
			isa = XCBuildConfiguration;
			buildSettings = {
				CLANG_ENABLE_OBJC_WEAK = YES;
				CODE_SIGN_IDENTITY = "";
				CODE_SIGN_STYLE = Manual;
				DEVELOPMENT_TEAM = "";
				GCC_GENERATE_DEBUGGING_SYMBOLS = NO;
				INSTALL_PATH = "$(HOME)/Applications";
				MACOSX_DEPLOYMENT_TARGET = 10.13;
				PRODUCT_BUNDLE_IDENTIFIER = com.example.jeweltoy;
				PRODUCT_NAME = JewelToy;
				PROVISIONING_PROFILE_SPECIFIER = "";
				WRAPPER_EXTENSION = app;
			};
			name = Release;
		};
		C01FCF4F08A954540054247B /* Debug */ = {
			isa = XCBuildConfiguration;
			buildSettings = {
				ALWAYS_SEARCH_USER_PATHS = NO;
				CLANG_ANALYZER_LOCALIZABILITY_NONLOCALIZED = YES;
				CLANG_WARN_BLOCK_CAPTURE_AUTORELEASING = YES;
				CLANG_WARN_BOOL_CONVERSION = YES;
				CLANG_WARN_COMMA = YES;
				CLANG_WARN_CONSTANT_CONVERSION = YES;
				CLANG_WARN_DEPRECATED_OBJC_IMPLEMENTATIONS = YES;
				CLANG_WARN_EMPTY_BODY = YES;
				CLANG_WARN_ENUM_CONVERSION = YES;
				CLANG_WARN_INFINITE_RECURSION = YES;
				CLANG_WARN_INT_CONVERSION = YES;
				CLANG_WARN_NON_LITERAL_NULL_CONVERSION = YES;
				CLANG_WARN_OBJC_IMPLICIT_RETAIN_SELF = YES;
				CLANG_WARN_OBJC_LITERAL_CONVERSION = YES;
				CLANG_WARN_RANGE_LOOP_ANALYSIS = YES;
				CLANG_WARN_STRICT_PROTOTYPES = YES;
				CLANG_WARN_SUSPICIOUS_MOVE = YES;
				CLANG_WARN_UNREACHABLE_CODE = YES;
				CLANG_WARN__DUPLICATE_METHOD_MATCH = YES;
				ENABLE_STRICT_OBJC_MSGSEND = YES;
				ENABLE_TESTABILITY = YES;
				GCC_NO_COMMON_BLOCKS = YES;
				GCC_WARN_64_TO_32_BIT_CONVERSION = YES;
				GCC_WARN_ABOUT_RETURN_TYPE = YES;
				GCC_WARN_UNDECLARED_SELECTOR = YES;
				GCC_WARN_UNINITIALIZED_AUTOS = YES;
				GCC_WARN_UNUSED_FUNCTION = YES;
				GCC_WARN_UNUSED_VARIABLE = YES;
				INFOPLIST_FILE = Resources/Info.plist;
				ONLY_ACTIVE_ARCH = YES;
				SDKROOT = macosx;
			};
			name = Debug;
		};
		C01FCF5008A954540054247B /* Release */ = {
			isa = XCBuildConfiguration;
			buildSettings = {
				ALWAYS_SEARCH_USER_PATHS = NO;
				CLANG_ANALYZER_LOCALIZABILITY_NONLOCALIZED = YES;
				CLANG_WARN_BLOCK_CAPTURE_AUTORELEASING = YES;
				CLANG_WARN_BOOL_CONVERSION = YES;
				CLANG_WARN_COMMA = YES;
				CLANG_WARN_CONSTANT_CONVERSION = YES;
				CLANG_WARN_DEPRECATED_OBJC_IMPLEMENTATIONS = YES;
				CLANG_WARN_EMPTY_BODY = YES;
				CLANG_WARN_ENUM_CONVERSION = YES;
				CLANG_WARN_INFINITE_RECURSION = YES;
				CLANG_WARN_INT_CONVERSION = YES;
				CLANG_WARN_NON_LITERAL_NULL_CONVERSION = YES;
				CLANG_WARN_OBJC_IMPLICIT_RETAIN_SELF = YES;
				CLANG_WARN_OBJC_LITERAL_CONVERSION = YES;
				CLANG_WARN_RANGE_LOOP_ANALYSIS = YES;
				CLANG_WARN_STRICT_PROTOTYPES = YES;
				CLANG_WARN_SUSPICIOUS_MOVE = YES;
				CLANG_WARN_UNREACHABLE_CODE = YES;
				CLANG_WARN__DUPLICATE_METHOD_MATCH = YES;
				ENABLE_STRICT_OBJC_MSGSEND = YES;
				GCC_NO_COMMON_BLOCKS = YES;
				GCC_WARN_64_TO_32_BIT_CONVERSION = YES;
				GCC_WARN_ABOUT_RETURN_TYPE = YES;
				GCC_WARN_UNDECLARED_SELECTOR = YES;
				GCC_WARN_UNINITIALIZED_AUTOS = YES;
				GCC_WARN_UNUSED_FUNCTION = YES;
				GCC_WARN_UNUSED_VARIABLE = YES;
				INFOPLIST_FILE = Resources/Info.plist;
				SDKROOT = macosx;
			};
			name = Release;
		};
/* End XCBuildConfiguration section */

/* Begin XCConfigurationList section */
		C01FCF4A08A954540054247B /* Build configuration list for PBXNativeTarget "JewelToy" */ = {
			isa = XCConfigurationList;
			buildConfigurations = (
				C01FCF4B08A954540054247B /* Debug */,
				C01FCF4C08A954540054247B /* Release */,
			);
			defaultConfigurationIsVisible = 0;
			defaultConfigurationName = Release;
		};
		C01FCF4E08A954540054247B /* Build configuration list for PBXProject "JewelToy" */ = {
			isa = XCConfigurationList;
			buildConfigurations = (
				C01FCF4F08A954540054247B /* Debug */,
				C01FCF5008A954540054247B /* Release */,
			);
			defaultConfigurationIsVisible = 0;
			defaultConfigurationName = Release;
		};
/* End XCConfigurationList section */
	};
	rootObject = 29B97313FDCFA39411CA2CEA /* Project object */;
}
